
Microsoft Visual Studio Solution File, Format Version 12.00
# Visual Studio Version 17
VisualStudioVersion = 17.9.34723.18
MinimumVisualStudioVersion = 10.0.40219.1
Project("{9A19103F-16F7-4668-BE54-9A1E7A4F7556}") = "KioskSkladiste", "KioskSkladiste\KioskSkladiste.csproj", "{949DE57D-B650-4EB2-81DC-EAA1DC2861B8}"
EndProject
Project("{54435603-DBB4-11D2-8724-00A0C9A8B90C}") = "KioskSkladisteSetup", "KioskSkladisteSetup\KioskSkladisteSetup.vdproj", "{6EE39AB2-9F63-4BBA-ACF5-96446C575F52}"
EndProject
Global
	GlobalSection(SolutionConfigurationPlatforms) = preSolution
		Debug|Any CPU = Debug|Any CPU
		Release|Any CPU = Release|Any CPU
	EndGlobalSection
	GlobalSection(ProjectConfigurationPlatforms) = postSolution
		{949DE57D-B650-4EB2-81DC-EAA1DC2861B8}.Debug|Any CPU.ActiveCfg = Debug|Any CPU
		{949DE57D-B650-4EB2-81DC-EAA1DC2861B8}.Debug|Any CPU.Build.0 = Debug|Any CPU
		{949DE57D-B650-4EB2-81DC-EAA1DC2861B8}.Release|Any CPU.ActiveCfg = Release|Any CPU
		{949DE57D-B650-4EB2-81DC-EAA1DC2861B8}.Release|Any CPU.Build.0 = Release|Any CPU
		{6EE39AB2-9F63-4BBA-ACF5-96446C575F52}.Debug|Any CPU.ActiveCfg = Debug
		{6EE39AB2-9F63-4BBA-ACF5-96446C575F52}.Release|Any CPU.ActiveCfg = Release
	EndGlobalSection
	GlobalSection(SolutionProperties) = preSolution
		HideSolutionNode = FALSE
	EndGlobalSection
	GlobalSection(ExtensibilityGlobals) = postSolution
		SolutionGuid = {BF3D155A-2694-4CD9-89FD-2B5819F3DED9}
	EndGlobalSection
EndGlobal
